
Microsoft Visual Studio Solution File, Format Version 12.00
# Visual Studio 2012
Project("{8BC9CEB8-8B4A-11D0-8D11-00A0C91BC942}") = "onity", "onity\onity.vcxproj", "{B27893E0-A196-47A0-8C3E-FF1F864FA4A1}"
	ProjectSection(ProjectDependencies) = postProject
		{97847F09-EFA8-4CB2-A9E5-2EB17B16B59A} = {97847F09-EFA8-4CB2-A9E5-2EB17B16B59A}
		{E5ECC7C0-780E-481E-9AD2-96694045FF51} = {E5ECC7C0-780E-481E-9AD2-96694045FF51}
	EndProjectSection
EndProject
Project("{8BC9CEB8-8B4A-11D0-8D11-00A0C91BC942}") = "xui_kit", "xui_kit.vcxproj", "{E5ECC7C0-780E-481E-9AD2-96694045FF51}"
EndProject
Project("{8BC9CEB8-8B4A-11D0-8D11-00A0C91BC942}") = "xui_demo", "xui_demo\xui_demo.vcxproj", "{26367678-7E27-4DF1-BAA5-0B103D100CB7}"
	ProjectSection(ProjectDependencies) = postProject
		{E5ECC7C0-780E-481E-9AD2-96694045FF51} = {E5ECC7C0-780E-481E-9AD2-96694045FF51}
	EndProjectSection
EndProject
Project("{8BC9CEB8-8B4A-11D0-8D11-00A0C91BC942}") = "NPEngine_VC10", "..\BreezeGameBranchFlyMode_V26\engine\build\Win32\NPEngine_VC10.vcxproj", "{97847F09-EFA8-4CB2-A9E5-2EB17B16B59A}"
EndProject
Global
	GlobalSection(SolutionConfigurationPlatforms) = preSolution
		Debug_Bin|Win32 = Debug_Bin|Win32
		Debug_Convert|Win32 = Debug_Convert|Win32
		Debug_Editor|Win32 = Debug_Editor|Win32
		Debug|Win32 = Debug|Win32
		Profile|Win32 = Profile|Win32
		Release_Bin|Win32 = Release_Bin|Win32
		Release_Convert|Win32 = Release_Convert|Win32
		Release_Editor|Win32 = Release_Editor|Win32
		Release|Win32 = Release|Win32
	EndGlobalSection
	GlobalSection(ProjectConfigurationPlatforms) = postSolution
		{B27893E0-A196-47A0-8C3E-FF1F864FA4A1}.Debug_Bin|Win32.ActiveCfg = Debug|Win32
		{B27893E0-A196-47A0-8C3E-FF1F864FA4A1}.Debug_Bin|Win32.Build.0 = Debug|Win32
		{B27893E0-A196-47A0-8C3E-FF1F864FA4A1}.Debug_Convert|Win32.ActiveCfg = Debug|Win32
		{B27893E0-A196-47A0-8C3E-FF1F864FA4A1}.Debug_Convert|Win32.Build.0 = Debug|Win32
		{B27893E0-A196-47A0-8C3E-FF1F864FA4A1}.Debug_Editor|Win32.ActiveCfg = Debug|Win32
		{B27893E0-A196-47A0-8C3E-FF1F864FA4A1}.Debug_Editor|Win32.Build.0 = Debug|Win32
		{B27893E0-A196-47A0-8C3E-FF1F864FA4A1}.Debug|Win32.ActiveCfg = Debug|Win32
		{B27893E0-A196-47A0-8C3E-FF1F864FA4A1}.Debug|Win32.Build.0 = Debug|Win32
		{B27893E0-A196-47A0-8C3E-FF1F864FA4A1}.Profile|Win32.ActiveCfg = Release|Win32
		{B27893E0-A196-47A0-8C3E-FF1F864FA4A1}.Profile|Win32.Build.0 = Release|Win32
		{B27893E0-A196-47A0-8C3E-FF1F864FA4A1}.Release_Bin|Win32.ActiveCfg = Release|Win32
		{B27893E0-A196-47A0-8C3E-FF1F864FA4A1}.Release_Bin|Win32.Build.0 = Release|Win32
		{B27893E0-A196-47A0-8C3E-FF1F864FA4A1}.Release_Convert|Win32.ActiveCfg = Release|Win32
		{B27893E0-A196-47A0-8C3E-FF1F864FA4A1}.Release_Convert|Win32.Build.0 = Release|Win32
		{B27893E0-A196-47A0-8C3E-FF1F864FA4A1}.Release_Editor|Win32.ActiveCfg = Release|Win32
		{B27893E0-A196-47A0-8C3E-FF1F864FA4A1}.Release_Editor|Win32.Build.0 = Release|Win32
		{B27893E0-A196-47A0-8C3E-FF1F864FA4A1}.Release|Win32.ActiveCfg = Release|Win32
		{B27893E0-A196-47A0-8C3E-FF1F864FA4A1}.Release|Win32.Build.0 = Release|Win32
		{E5ECC7C0-780E-481E-9AD2-96694045FF51}.Debug_Bin|Win32.ActiveCfg = Debug|Win32
		{E5ECC7C0-780E-481E-9AD2-96694045FF51}.Debug_Bin|Win32.Build.0 = Debug|Win32
		{E5ECC7C0-780E-481E-9AD2-96694045FF51}.Debug_Convert|Win32.ActiveCfg = Debug|Win32
		{E5ECC7C0-780E-481E-9AD2-96694045FF51}.Debug_Convert|Win32.Build.0 = Debug|Win32
		{E5ECC7C0-780E-481E-9AD2-96694045FF51}.Debug_Editor|Win32.ActiveCfg = Debug|Win32
		{E5ECC7C0-780E-481E-9AD2-96694045FF51}.Debug_Editor|Win32.Build.0 = Debug|Win32
		{E5ECC7C0-780E-481E-9AD2-96694045FF51}.Debug|Win32.ActiveCfg = Debug|Win32
		{E5ECC7C0-780E-481E-9AD2-96694045FF51}.Debug|Win32.Build.0 = Debug|Win32
		{E5ECC7C0-780E-481E-9AD2-96694045FF51}.Profile|Win32.ActiveCfg = Release|Win32
		{E5ECC7C0-780E-481E-9AD2-96694045FF51}.Profile|Win32.Build.0 = Release|Win32
		{E5ECC7C0-780E-481E-9AD2-96694045FF51}.Release_Bin|Win32.ActiveCfg = Release|Win32
		{E5ECC7C0-780E-481E-9AD2-96694045FF51}.Release_Bin|Win32.Build.0 = Release|Win32
		{E5ECC7C0-780E-481E-9AD2-96694045FF51}.Release_Convert|Win32.ActiveCfg = Release|Win32
		{E5ECC7C0-780E-481E-9AD2-96694045FF51}.Release_Convert|Win32.Build.0 = Release|Win32
		{E5ECC7C0-780E-481E-9AD2-96694045FF51}.Release_Editor|Win32.ActiveCfg = Release|Win32
		{E5ECC7C0-780E-481E-9AD2-96694045FF51}.Release_Editor|Win32.Build.0 = Release|Win32
		{E5ECC7C0-780E-481E-9AD2-96694045FF51}.Release|Win32.ActiveCfg = Release|Win32
		{E5ECC7C0-780E-481E-9AD2-96694045FF51}.Release|Win32.Build.0 = Release|Win32
		{26367678-7E27-4DF1-BAA5-0B103D100CB7}.Debug_Bin|Win32.ActiveCfg = Debug|Win32
		{26367678-7E27-4DF1-BAA5-0B103D100CB7}.Debug_Bin|Win32.Build.0 = Debug|Win32
		{26367678-7E27-4DF1-BAA5-0B103D100CB7}.Debug_Convert|Win32.ActiveCfg = Debug|Win32
		{26367678-7E27-4DF1-BAA5-0B103D100CB7}.Debug_Convert|Win32.Build.0 = Debug|Win32
		{26367678-7E27-4DF1-BAA5-0B103D100CB7}.Debug_Editor|Win32.ActiveCfg = Debug|Win32
		{26367678-7E27-4DF1-BAA5-0B103D100CB7}.Debug_Editor|Win32.Build.0 = Debug|Win32
		{26367678-7E27-4DF1-BAA5-0B103D100CB7}.Debug|Win32.ActiveCfg = Debug|Win32
		{26367678-7E27-4DF1-BAA5-0B103D100CB7}.Debug|Win32.Build.0 = Debug|Win32
		{26367678-7E27-4DF1-BAA5-0B103D100CB7}.Profile|Win32.ActiveCfg = Release|Win32
		{26367678-7E27-4DF1-BAA5-0B103D100CB7}.Profile|Win32.Build.0 = Release|Win32
		{26367678-7E27-4DF1-BAA5-0B103D100CB7}.Release_Bin|Win32.ActiveCfg = Release|Win32
		{26367678-7E27-4DF1-BAA5-0B103D100CB7}.Release_Bin|Win32.Build.0 = Release|Win32
		{26367678-7E27-4DF1-BAA5-0B103D100CB7}.Release_Convert|Win32.ActiveCfg = Release|Win32
		{26367678-7E27-4DF1-BAA5-0B103D100CB7}.Release_Convert|Win32.Build.0 = Release|Win32
		{26367678-7E27-4DF1-BAA5-0B103D100CB7}.Release_Editor|Win32.ActiveCfg = Release|Win32
		{26367678-7E27-4DF1-BAA5-0B103D100CB7}.Release_Editor|Win32.Build.0 = Release|Win32
		{26367678-7E27-4DF1-BAA5-0B103D100CB7}.Release|Win32.ActiveCfg = Release|Win32
		{26367678-7E27-4DF1-BAA5-0B103D100CB7}.Release|Win32.Build.0 = Release|Win32
		{97847F09-EFA8-4CB2-A9E5-2EB17B16B59A}.Debug_Bin|Win32.ActiveCfg = Debug_Bin|Win32
		{97847F09-EFA8-4CB2-A9E5-2EB17B16B59A}.Debug_Bin|Win32.Build.0 = Debug_Bin|Win32
		{97847F09-EFA8-4CB2-A9E5-2EB17B16B59A}.Debug_Convert|Win32.ActiveCfg = Debug_Convert|Win32
		{97847F09-EFA8-4CB2-A9E5-2EB17B16B59A}.Debug_Convert|Win32.Build.0 = Debug_Convert|Win32
		{97847F09-EFA8-4CB2-A9E5-2EB17B16B59A}.Debug_Editor|Win32.ActiveCfg = Debug_Editor|Win32
		{97847F09-EFA8-4CB2-A9E5-2EB17B16B59A}.Debug_Editor|Win32.Build.0 = Debug_Editor|Win32
		{97847F09-EFA8-4CB2-A9E5-2EB17B16B59A}.Debug|Win32.ActiveCfg = Debug_Editor|Win32
		{97847F09-EFA8-4CB2-A9E5-2EB17B16B59A}.Debug|Win32.Build.0 = Debug_Editor|Win32
		{97847F09-EFA8-4CB2-A9E5-2EB17B16B59A}.Profile|Win32.ActiveCfg = Debug_Editor|Win32
		{97847F09-EFA8-4CB2-A9E5-2EB17B16B59A}.Profile|Win32.Build.0 = Debug_Editor|Win32
		{97847F09-EFA8-4CB2-A9E5-2EB17B16B59A}.Release_Bin|Win32.ActiveCfg = Release_Bin|Win32
		{97847F09-EFA8-4CB2-A9E5-2EB17B16B59A}.Release_Bin|Win32.Build.0 = Release_Bin|Win32
		{97847F09-EFA8-4CB2-A9E5-2EB17B16B59A}.Release_Convert|Win32.ActiveCfg = Release_Convert|Win32
		{97847F09-EFA8-4CB2-A9E5-2EB17B16B59A}.Release_Convert|Win32.Build.0 = Release_Convert|Win32
		{97847F09-EFA8-4CB2-A9E5-2EB17B16B59A}.Release_Editor|Win32.ActiveCfg = Release_Editor|Win32
		{97847F09-EFA8-4CB2-A9E5-2EB17B16B59A}.Release_Editor|Win32.Build.0 = Release_Editor|Win32
		{97847F09-EFA8-4CB2-A9E5-2EB17B16B59A}.Release|Win32.ActiveCfg = Release|Win32
		{97847F09-EFA8-4CB2-A9E5-2EB17B16B59A}.Release|Win32.Build.0 = Release|Win32
	EndGlobalSection
	GlobalSection(SolutionProperties) = preSolution
		HideSolutionNode = FALSE
	EndGlobalSection
EndGlobal
