<?xml version="1.0" encoding="utf-8"?>
<Project ToolsVersion="4.0" xmlns="http://schemas.microsoft.com/developer/msbuild/2003">
  <ItemGroup>
    <ClInclude Include="onity_mainform.h" />
    <ClInclude Include="onity_console.h" />
    <ClInclude Include="onity_hierarchy.h" />
    <ClInclude Include="onity_inspector.h" />
    <ClInclude Include="onity_project.h" />
    <ClInclude Include="onity_game.h" />
    <ClInclude Include="onity_timeline.h" />
    <ClInclude Include="onity_renderview.h" />
    <ClInclude Include="onity_resource.h" />
    <ClInclude Include="onity_animator.h" />
    <ClInclude Include="onity_paramview.h">
      <Filter>animator</Filter>
    </ClInclude>
    <ClInclude Include="onity_stateview.h">
      <Filter>animator</Filter>
    </ClInclude>
    <ClInclude Include="onity_param.h">
      <Filter>animator</Filter>
    </ClInclude>
    <ClInclude Include="onity_state.h">
      <Filter>animator</Filter>
    </ClInclude>
    <ClInclude Include="onity_propstate.h">
      <Filter>animator</Filter>
    </ClInclude>
    <ClInclude Include="onity_proptransition.h">
      <Filter>animator</Filter>
    </ClInclude>
    <ClInclude Include="onity_propctrl_transition.h">
      <Filter>animator</Filter>
    </ClInclude>
    <ClInclude Include="onity_propctrl_condition.h">
      <Filter>animator</Filter>
    </ClInclude>
    <ClInclude Include="onity_condition.h">
      <Filter>animator</Filter>
    </ClInclude>
    <ClInclude Include="onity_pathdata.h">
      <Filter>project</Filter>
    </ClInclude>
    <ClInclude Include="onity_proppath.h">
      <Filter>project</Filter>
    </ClInclude>
    <ClInclude Include="onity_filedata.h">
      <Filter>project</Filter>
    </ClInclude>
    <ClInclude Include="onity_propfile.h">
      <Filter>project</Filter>
    </ClInclude>
    <ClInclude Include="onity_propmodule.h">
      <Filter>project</Filter>
    </ClInclude>
    <ClInclude Include="onity_propaction.h">
      <Filter>project</Filter>
    </ClInclude>
    <ClInclude Include="onity_propsprite.h">
      <Filter>project</Filter>
    </ClInclude>
    <ClInclude Include="onity_propimage.h">
      <Filter>project</Filter>
    </ClInclude>
    <ClInclude Include="onity_pathctrl.h">
      <Filter>project</Filter>
    </ClInclude>
    <ClInclude Include="onity_prop2dsres.h">
      <Filter>project</Filter>
    </ClInclude>
    <ClInclude Include="onity_filectrl.h">
      <Filter>project</Filter>
    </ClInclude>
    <ClInclude Include="onity_propcontroller.h">
      <Filter>project</Filter>
    </ClInclude>
    <ClInclude Include="onity_savectrl.h">
      <Filter>project</Filter>
    </ClInclude>
    <ClInclude Include="onity_savekind.h">
      <Filter>project</Filter>
    </ClInclude>
    <ClInclude Include="onity_tileview.h">
      <Filter>project</Filter>
    </ClInclude>
    <ClInclude Include="onity_fileview.h">
      <Filter>project</Filter>
    </ClInclude>
    <ClInclude Include="onity_prop2dsasset.h">
      <Filter>project</Filter>
    </ClInclude>
    <ClInclude Include="onity_2dsassetdata.h">
      <Filter>project</Filter>
    </ClInclude>
    <ClInclude Include="onity_treedata.h">
      <Filter>project</Filter>
    </ClInclude>
    <ClInclude Include="onity_propframe.h">
      <Filter>project</Filter>
    </ClInclude>
    <ClInclude Include="onity_propactor.h">
      <Filter>project</Filter>
    </ClInclude>
    <ClInclude Include="onity_propcollider.h">
      <Filter>project</Filter>
    </ClInclude>
    <ClInclude Include="onity_proptransref.h">
      <Filter>project</Filter>
    </ClInclude>
    <ClInclude Include="onity_propimageref.h">
      <Filter>project</Filter>
    </ClInclude>
    <ClInclude Include="onity_propctrl_pivot.h">
      <Filter>project</Filter>
    </ClInclude>
    <ClInclude Include="onity_propctrl_flip.h">
      <Filter>project</Filter>
    </ClInclude>
    <ClInclude Include="onity_propctrl_transref.h">
      <Filter>project</Filter>
    </ClInclude>
    <ClInclude Include="onity_recent.h" />
    <ClInclude Include="onity_preview.h">
      <Filter>inspector</Filter>
    </ClInclude>
    <ClInclude Include="onity_propleaf.h">
      <Filter>project</Filter>
    </ClInclude>
    <ClInclude Include="onity_proptexture.h">
      <Filter>project</Filter>
    </ClInclude>
    <ClInclude Include="onity_propparticle.h">
      <Filter>project</Filter>
    </ClInclude>
    <ClInclude Include="onity_selector.h">
      <Filter>inspector</Filter>
    </ClInclude>
    <ClInclude Include="onity_lineview.h">
      <Filter>timeline</Filter>
    </ClInclude>
    <ClInclude Include="onity_proplayer.h">
      <Filter>timeline</Filter>
    </ClInclude>
    <ClInclude Include="onity_propframekey.h">
      <Filter>timeline</Filter>
    </ClInclude>
    <ClInclude Include="onity_timedata.h">
      <Filter>timeline</Filter>
    </ClInclude>
    <ClInclude Include="onity_layerdata.h">
      <Filter>timeline</Filter>
    </ClInclude>
    <ClInclude Include="onity_propkind_particlesrc.h">
      <Filter>project</Filter>
    </ClInclude>
    <ClInclude Include="onity_propdata_texture.h">
      <Filter>project</Filter>
    </ClInclude>
    <ClInclude Include="onity_propctrl_particlemod.h">
      <Filter>project</Filter>
    </ClInclude>
    <ClInclude Include="onity_config.h" />
    <ClInclude Include="onity_propprefab.h">
      <Filter>project</Filter>
    </ClInclude>
    <ClInclude Include="onity_propjsones.h">
      <Filter>project</Filter>
    </ClInclude>
    <ClInclude Include="onity_scene.h" />
    <ClInclude Include="onity_filterdata.h">
      <Filter>hierarchy</Filter>
    </ClInclude>
    <ClInclude Include="onity_propcourse.h">
      <Filter>project</Filter>
    </ClInclude>
    <ClInclude Include="onity_propjsonestemp.h">
      <Filter>project</Filter>
    </ClInclude>
    <ClInclude Include="onity_propkind_entitycomp.h">
      <Filter>project</Filter>
    </ClInclude>
    <ClInclude Include="onity_propctrl_entitycomp.h">
      <Filter>project</Filter>
    </ClInclude>
    <ClInclude Include="onity_jsonestempdata.h">
      <Filter>project</Filter>
    </ClInclude>
    <ClInclude Include="onity_propscenelayer.h">
      <Filter>hierarchy</Filter>
    </ClInclude>
    <ClInclude Include="onity_propentitytemp.h">
      <Filter>hierarchy</Filter>
    </ClInclude>
    <ClInclude Include="onity_proproot.h">
      <Filter>project</Filter>
    </ClInclude>
    <ClInclude Include="onity_tempctrl.h">
      <Filter>hierarchy</Filter>
    </ClInclude>
    <ClInclude Include="onity_propctrl_sceneparam.h">
      <Filter>hierarchy</Filter>
    </ClInclude>
    <ClInclude Include="onity_propentity.h">
      <Filter>hierarchy</Filter>
    </ClInclude>
    <ClInclude Include="onity_propctrl_rendertree.h">
      <Filter>hierarchy</Filter>
    </ClInclude>
    <ClInclude Include="onity_entitydata.h">
      <Filter>hierarchy</Filter>
    </ClInclude>
    <ClInclude Include="onity_propnodemodule.h">
      <Filter>hierarchy</Filter>
    </ClInclude>
    <ClInclude Include="onity_propnode2dsref.h">
      <Filter>hierarchy</Filter>
    </ClInclude>
    <ClInclude Include="onity_propnodeaction.h">
      <Filter>hierarchy</Filter>
    </ClInclude>
    <ClInclude Include="onity_propnodeparticle.h">
      <Filter>hierarchy</Filter>
    </ClInclude>
    <ClInclude Include="onity_propmapref.h">
      <Filter>hierarchy</Filter>
    </ClInclude>
    <ClInclude Include="onity_maprefdata.h">
      <Filter>hierarchy</Filter>
    </ClInclude>
    <ClInclude Include="onity_propnodesprite.h">
      <Filter>hierarchy</Filter>
    </ClInclude>
    <ClInclude Include="onity_renderdata.h">
      <Filter>hierarchy</Filter>
    </ClInclude>
    <ClInclude Include="onity_propnoderender.h">
      <Filter>hierarchy</Filter>
    </ClInclude>
    <ClInclude Include="onity_gradpane.h" />
    <ClInclude Include="onity_propedit.h">
      <Filter>hierarchy</Filter>
    </ClInclude>
    <ClInclude Include="onity_alignbox.h">
      <Filter>scene</Filter>
    </ClInclude>
    <ClInclude Include="onity_blankbox.h">
      <Filter>scene</Filter>
    </ClInclude>
    <ClInclude Include="onity_pivotbox.h">
      <Filter>scene</Filter>
    </ClInclude>
    <ClInclude Include="onity_course.h" />
    <ClInclude Include="onity_propcourseconfig.h">
      <Filter>scene</Filter>
    </ClInclude>
    <ClInclude Include="onity_courseconfigdata.h">
      <Filter>scene</Filter>
    </ClInclude>
    <ClInclude Include="onity_restore.h" />
    <ClInclude Include="onity_save.h" />
  </ItemGroup>
  <ItemGroup>
    <ClCompile Include="onity_mainform.cpp" />
    <ClCompile Include="main.cpp" />
    <ClCompile Include="onity_hierarchy.cpp" />
    <ClCompile Include="onity_console.cpp" />
    <ClCompile Include="onity_inspector.cpp" />
    <ClCompile Include="onity_project.cpp" />
    <ClCompile Include="onity_game.cpp" />
    <ClCompile Include="onity_timeline.cpp" />
    <ClCompile Include="onity_renderview.cpp" />
    <ClCompile Include="onity_resource.cpp" />
    <ClCompile Include="onity_animator.cpp" />
    <ClCompile Include="onity_paramview.cpp">
      <Filter>animator</Filter>
    </ClCompile>
    <ClCompile Include="onity_stateview.cpp">
      <Filter>animator</Filter>
    </ClCompile>
    <ClCompile Include="onity_param.cpp">
      <Filter>animator</Filter>
    </ClCompile>
    <ClCompile Include="onity_state.cpp">
      <Filter>animator</Filter>
    </ClCompile>
    <ClCompile Include="onity_propstate.cpp">
      <Filter>animator</Filter>
    </ClCompile>
    <ClCompile Include="onity_proptransition.cpp">
      <Filter>animator</Filter>
    </ClCompile>
    <ClCompile Include="onity_propctrl_transition.cpp">
      <Filter>animator</Filter>
    </ClCompile>
    <ClCompile Include="onity_propctrl_condition.cpp">
      <Filter>animator</Filter>
    </ClCompile>
    <ClCompile Include="onity_condition.cpp">
      <Filter>animator</Filter>
    </ClCompile>
    <ClCompile Include="onity_pathdata.cpp">
      <Filter>project</Filter>
    </ClCompile>
    <ClCompile Include="onity_proppath.cpp">
      <Filter>project</Filter>
    </ClCompile>
    <ClCompile Include="onity_filedata.cpp">
      <Filter>project</Filter>
    </ClCompile>
    <ClCompile Include="onity_propfile.cpp">
      <Filter>project</Filter>
    </ClCompile>
    <ClCompile Include="onity_propsprite.cpp">
      <Filter>project</Filter>
    </ClCompile>
    <ClCompile Include="onity_propmodule.cpp">
      <Filter>project</Filter>
    </ClCompile>
    <ClCompile Include="onity_propaction.cpp">
      <Filter>project</Filter>
    </ClCompile>
    <ClCompile Include="onity_propimage.cpp">
      <Filter>project</Filter>
    </ClCompile>
    <ClCompile Include="onity_pathctrl.cpp">
      <Filter>project</Filter>
    </ClCompile>
    <ClCompile Include="onity_prop2dsres.cpp">
      <Filter>project</Filter>
    </ClCompile>
    <ClCompile Include="onity_filectrl.cpp">
      <Filter>project</Filter>
    </ClCompile>
    <ClCompile Include="onity_propcontroller.cpp">
      <Filter>project</Filter>
    </ClCompile>
    <ClCompile Include="onity_savectrl.cpp">
      <Filter>project</Filter>
    </ClCompile>
    <ClCompile Include="onity_savekind.cpp">
      <Filter>project</Filter>
    </ClCompile>
    <ClCompile Include="onity_tileview.cpp">
      <Filter>project</Filter>
    </ClCompile>
    <ClCompile Include="onity_fileview.cpp">
      <Filter>project</Filter>
    </ClCompile>
    <ClCompile Include="onity_prop2dsasset.cpp">
      <Filter>project</Filter>
    </ClCompile>
    <ClCompile Include="onity_2dsassetdata.cpp">
      <Filter>project</Filter>
    </ClCompile>
    <ClCompile Include="onity_treedata.cpp">
      <Filter>project</Filter>
    </ClCompile>
    <ClCompile Include="onity_propframe.cpp">
      <Filter>project</Filter>
    </ClCompile>
    <ClCompile Include="onity_propactor.cpp">
      <Filter>project</Filter>
    </ClCompile>
    <ClCompile Include="onity_propcollider.cpp">
      <Filter>project</Filter>
    </ClCompile>
    <ClCompile Include="onity_proptransref.cpp">
      <Filter>project</Filter>
    </ClCompile>
    <ClCompile Include="onity_propimageref.cpp">
      <Filter>project</Filter>
    </ClCompile>
    <ClCompile Include="onity_propctrl_pivot.cpp">
      <Filter>project</Filter>
    </ClCompile>
    <ClCompile Include="onity_propctrl_flip.cpp">
      <Filter>project</Filter>
    </ClCompile>
    <ClCompile Include="onity_propctrl_transref.cpp">
      <Filter>project</Filter>
    </ClCompile>
    <ClCompile Include="onity_recent.cpp" />
    <ClCompile Include="onity_preview.cpp">
      <Filter>inspector</Filter>
    </ClCompile>
    <ClCompile Include="onity_propleaf.cpp">
      <Filter>project</Filter>
    </ClCompile>
    <ClCompile Include="onity_proptexture.cpp">
      <Filter>project</Filter>
    </ClCompile>
    <ClCompile Include="onity_propparticle.cpp">
      <Filter>project</Filter>
    </ClCompile>
    <ClCompile Include="onity_selector.cpp">
      <Filter>inspector</Filter>
    </ClCompile>
    <ClCompile Include="onity_lineview.cpp">
      <Filter>timeline</Filter>
    </ClCompile>
    <ClCompile Include="onity_proplayer.cpp">
      <Filter>timeline</Filter>
    </ClCompile>
    <ClCompile Include="onity_propframekey.cpp">
      <Filter>timeline</Filter>
    </ClCompile>
    <ClCompile Include="onity_timedata.cpp">
      <Filter>timeline</Filter>
    </ClCompile>
    <ClCompile Include="onity_layerdata.cpp">
      <Filter>timeline</Filter>
    </ClCompile>
    <ClCompile Include="onity_propkind_particlesrc.cpp">
      <Filter>project</Filter>
    </ClCompile>
    <ClCompile Include="onity_propdata_texture.cpp">
      <Filter>project</Filter>
    </ClCompile>
    <ClCompile Include="onity_propctrl_particlemod.cpp">
      <Filter>project</Filter>
    </ClCompile>
    <ClCompile Include="onity_config.cpp" />
    <ClCompile Include="onity_propprefab.cpp">
      <Filter>project</Filter>
    </ClCompile>
    <ClCompile Include="onity_propjsones.cpp">
      <Filter>project</Filter>
    </ClCompile>
    <ClCompile Include="onity_scene.cpp" />
    <ClCompile Include="onity_filterdata.cpp">
      <Filter>hierarchy</Filter>
    </ClCompile>
    <ClCompile Include="onity_propcourse.cpp">
      <Filter>project</Filter>
    </ClCompile>
    <ClCompile Include="onity_propjsonestemp.cpp">
      <Filter>project</Filter>
    </ClCompile>
    <ClCompile Include="onity_propkind_entitycomp.cpp">
      <Filter>project</Filter>
    </ClCompile>
    <ClCompile Include="onity_propctrl_entitycomp.cpp">
      <Filter>project</Filter>
    </ClCompile>
    <ClCompile Include="onity_jsonestempdata.cpp">
      <Filter>project</Filter>
    </ClCompile>
    <ClCompile Include="onity_propentitytemp.cpp">
      <Filter>hierarchy</Filter>
    </ClCompile>
    <ClCompile Include="onity_proproot.cpp">
      <Filter>project</Filter>
    </ClCompile>
    <ClCompile Include="onity_tempctrl.cpp">
      <Filter>hierarchy</Filter>
    </ClCompile>
    <ClCompile Include="onity_propscenelayer.cpp">
      <Filter>hierarchy</Filter>
    </ClCompile>
    <ClCompile Include="onity_propctrl_sceneparam.cpp">
      <Filter>hierarchy</Filter>
    </ClCompile>
    <ClCompile Include="onity_propentity.cpp">
      <Filter>hierarchy</Filter>
    </ClCompile>
    <ClCompile Include="onity_propctrl_rendertree.cpp">
      <Filter>hierarchy</Filter>
    </ClCompile>
    <ClCompile Include="onity_entitydata.cpp">
      <Filter>hierarchy</Filter>
    </ClCompile>
    <ClCompile Include="onity_propnode2dsref.cpp">
      <Filter>hierarchy</Filter>
    </ClCompile>
    <ClCompile Include="onity_propmapref.cpp">
      <Filter>hierarchy</Filter>
    </ClCompile>
    <ClCompile Include="onity_maprefdata.cpp">
      <Filter>hierarchy</Filter>
    </ClCompile>
    <ClCompile Include="onity_propnodemodule.cpp">
      <Filter>hierarchy</Filter>
    </ClCompile>
    <ClCompile Include="onity_propnodeaction.cpp">
      <Filter>hierarchy</Filter>
    </ClCompile>
    <ClCompile Include="onity_propnodesprite.cpp">
      <Filter>hierarchy</Filter>
    </ClCompile>
    <ClCompile Include="onity_renderdata.cpp">
      <Filter>hierarchy</Filter>
    </ClCompile>
    <ClCompile Include="onity_propnodeparticle.cpp">
      <Filter>hierarchy</Filter>
    </ClCompile>
    <ClCompile Include="onity_propnoderender.cpp">
      <Filter>hierarchy</Filter>
    </ClCompile>
    <ClCompile Include="onity_gradpane.cpp" />
    <ClCompile Include="onity_propedit.cpp">
      <Filter>hierarchy</Filter>
    </ClCompile>
    <ClCompile Include="onity_alignbox.cpp">
      <Filter>scene</Filter>
    </ClCompile>
    <ClCompile Include="onity_blankbox.cpp">
      <Filter>scene</Filter>
    </ClCompile>
    <ClCompile Include="onity_pivotbox.cpp">
      <Filter>scene</Filter>
    </ClCompile>
    <ClCompile Include="onity_course.cpp" />
    <ClCompile Include="onity_propcourseconfig.cpp">
      <Filter>scene</Filter>
    </ClCompile>
    <ClCompile Include="onity_courseconfigdata.cpp">
      <Filter>scene</Filter>
    </ClCompile>
    <ClCompile Include="onity_restore.cpp" />
    <ClCompile Include="onity_save.cpp" />
  </ItemGroup>
  <ItemGroup>
    <Filter Include="animator">
      <UniqueIdentifier>{9037fe86-4bac-4b4e-9f4f-b35ed0b51827}</UniqueIdentifier>
    </Filter>
    <Filter Include="project">
      <UniqueIdentifier>{be1e9e13-da2c-4793-8342-e5cca01f25b5}</UniqueIdentifier>
    </Filter>
    <Filter Include="inspector">
      <UniqueIdentifier>{6dcb6ad3-0991-4a99-9b8c-8501caf9f1fe}</UniqueIdentifier>
    </Filter>
    <Filter Include="timeline">
      <UniqueIdentifier>{7c8e80c7-65ee-4f14-9c49-855f138f4660}</UniqueIdentifier>
    </Filter>
    <Filter Include="hierarchy">
      <UniqueIdentifier>{11b48a8f-1c51-444f-913c-41c0cd8caaa8}</UniqueIdentifier>
    </Filter>
    <Filter Include="scene">
      <UniqueIdentifier>{430d2b23-8f28-41d9-acfe-018b3189c611}</UniqueIdentifier>
    </Filter>
  </ItemGroup>
</Project>